// !$*UTF8*$!
{
	archiveVersion = 1;
	classes = {
	};
	objectVersion = 46;
	objects = {

/* Begin PBXBuildFile section */
		8B15A3701F0BA36200A85B93 /* AppDelegate.swift in Sources */ = {isa = PBXBuildFile; fileRef = 8B15A36F1F0BA36200A85B93 /* AppDelegate.swift */; };
		8B15A3731F0BA36200A85B93 /* SmKeyboardOne.xcdatamodeld in Sources */ = {isa = PBXBuildFile; fileRef = 8B15A3711F0BA36200A85B93 /* SmKeyboardOne.xcdatamodeld */; };
		8B15A3751F0BA36200A85B93 /* ViewController.swift in Sources */ = {isa = PBXBuildFile; fileRef = 8B15A3741F0BA36200A85B93 /* ViewController.swift */; };
		8B15A3781F0BA36200A85B93 /* Main.storyboard in Resources */ = {isa = PBXBuildFile; fileRef = 8B15A3761F0BA36200A85B93 /* Main.storyboard */; };
		8B15A37A1F0BA36200A85B93 /* Images.xcassets in Resources */ = {isa = PBXBuildFile; fileRef = 8B15A3791F0BA36200A85B93 /* Images.xcassets */; };
		8B15A37D1F0BA36200A85B93 /* LaunchScreen.xib in Resources */ = {isa = PBXBuildFile; fileRef = 8B15A37B1F0BA36200A85B93 /* LaunchScreen.xib */; };
		8B15A3891F0BA36200A85B93 /* SmKeyboardOneTests.swift in Sources */ = {isa = PBXBuildFile; fileRef = 8B15A3881F0BA36200A85B93 /* SmKeyboardOneTests.swift */; };
		8B15A39B1F0BA3DC00A85B93 /* KeyboardViewController.swift in Sources */ = {isa = PBXBuildFile; fileRef = 8B15A39A1F0BA3DC00A85B93 /* KeyboardViewController.swift */; };
		8B15A39E1F0BA3DC00A85B93 /* SmKeyboard.appex in Embed App Extensions */ = {isa = PBXBuildFile; fileRef = 8B15A3961F0BA3DC00A85B93 /* SmKeyboard.appex */; settings = {ATTRIBUTES = (RemoveHeadersOnCopy, ); }; };
		8B15A3A41F0BA62500A85B93 /* ViewMainKeyboardLayout.xib in Resources */ = {isa = PBXBuildFile; fileRef = 8B15A3A31F0BA62500A85B93 /* ViewMainKeyboardLayout.xib */; };
		8B15A3A61F0BA8F900A85B93 /* ViewFarmLayout.xib in Resources */ = {isa = PBXBuildFile; fileRef = 8B15A3A51F0BA8F900A85B93 /* ViewFarmLayout.xib */; };
		8B15A3A81F0BA90500A85B93 /* ViewFarmLayout.swift in Sources */ = {isa = PBXBuildFile; fileRef = 8B15A3A71F0BA90500A85B93 /* ViewFarmLayout.swift */; };
		8B15A3AA1F0BA92900A85B93 /* ViewSmiliesLayout.xib in Resources */ = {isa = PBXBuildFile; fileRef = 8B15A3A91F0BA92900A85B93 /* ViewSmiliesLayout.xib */; };
		8B15A3AC1F0BA93A00A85B93 /* ViewSmiliesLayout.swift in Sources */ = {isa = PBXBuildFile; fileRef = 8B15A3AB1F0BA93A00A85B93 /* ViewSmiliesLayout.swift */; };
		8B15A3AE1F0BA97F00A85B93 /* ViewFoodLayout.xib in Resources */ = {isa = PBXBuildFile; fileRef = 8B15A3AD1F0BA97F00A85B93 /* ViewFoodLayout.xib */; };
		8B15A3B01F0BA98C00A85B93 /* ViewFoodLayout.swift in Sources */ = {isa = PBXBuildFile; fileRef = 8B15A3AF1F0BA98C00A85B93 /* ViewFoodLayout.swift */; };
		8B15A3B11F0BAA5600A85B93 /* Images.xcassets in Resources */ = {isa = PBXBuildFile; fileRef = 8B15A3791F0BA36200A85B93 /* Images.xcassets */; };
		8B1700E31F0E398300CFA293 /* ViewOthersLayout.swift in Sources */ = {isa = PBXBuildFile; fileRef = 8B1700E21F0E398300CFA293 /* ViewOthersLayout.swift */; };
		8B1700E51F0E399500CFA293 /* ViewOthersLayout.xib in Resources */ = {isa = PBXBuildFile; fileRef = 8B1700E41F0E399500CFA293 /* ViewOthersLayout.xib */; };
		8BB067FA1F15FB5D004B6663 /* ViewHolidaysLayout.xib in Resources */ = {isa = PBXBuildFile; fileRef = 8BB067F91F15FB5D004B6663 /* ViewHolidaysLayout.xib */; };
		8BB067FC1F15FCC8004B6663 /* ViewHolidaysLayout.swift in Sources */ = {isa = PBXBuildFile; fileRef = 8BB067FB1F15FCC8004B6663 /* ViewHolidaysLayout.swift */; };
		8BC395501F161E0E009EC02D /* ViewPlaceLayout.xib in Resources */ = {isa = PBXBuildFile; fileRef = 8BC3954F1F161E0E009EC02D /* ViewPlaceLayout.xib */; };
		8BC395521F1621D4009EC02D /* ViewPlaceLayout.swift in Sources */ = {isa = PBXBuildFile; fileRef = 8BC395511F1621D4009EC02D /* ViewPlaceLayout.swift */; };
		8BC395541F1632CD009EC02D /* ViewTilesLayout.xib in Resources */ = {isa = PBXBuildFile; fileRef = 8BC395531F1632CD009EC02D /* ViewTilesLayout.xib */; };
		8BC395561F163559009EC02D /* ViewTilesLayout.swift in Sources */ = {isa = PBXBuildFile; fileRef = 8BC395551F163559009EC02D /* ViewTilesLayout.swift */; };
/* End PBXBuildFile section */

/* Begin PBXContainerItemProxy section */
		8B15A3831F0BA36200A85B93 /* PBXContainerItemProxy */ = {
			isa = PBXContainerItemProxy;
			containerPortal = 8B15A3621F0BA36200A85B93 /* Project object */;
			proxyType = 1;
			remoteGlobalIDString = 8B15A3691F0BA36200A85B93;
			remoteInfo = SmKeyboardOne;
		};
		8B15A39C1F0BA3DC00A85B93 /* PBXContainerItemProxy */ = {
			isa = PBXContainerItemProxy;
			containerPortal = 8B15A3621F0BA36200A85B93 /* Project object */;
			proxyType = 1;
			remoteGlobalIDString = 8B15A3951F0BA3DC00A85B93;
			remoteInfo = SmKeyboard;
		};
/* End PBXContainerItemProxy section */

/* Begin PBXCopyFilesBuildPhase section */
		8B15A3A21F0BA3DC00A85B93 /* Embed App Extensions */ = {
			isa = PBXCopyFilesBuildPhase;
			buildActionMask = 2147483647;
			dstPath = "";
			dstSubfolderSpec = 13;
			files = (
				8B15A39E1F0BA3DC00A85B93 /* SmKeyboard.appex in Embed App Extensions */,
			);
			name = "Embed App Extensions";
			runOnlyForDeploymentPostprocessing = 0;
		};
/* End PBXCopyFilesBuildPhase section */

/* Begin PBXFileReference section */
		8B15A36A1F0BA36200A85B93 /* SmKeyboardOne.app */ = {isa = PBXFileReference; explicitFileType = wrapper.application; includeInIndex = 0; path = SmKeyboardOne.app; sourceTree = BUILT_PRODUCTS_DIR; };
		8B15A36E1F0BA36200A85B93 /* Info.plist */ = {isa = PBXFileReference; lastKnownFileType = text.plist.xml; path = Info.plist; sourceTree = "<group>"; };
		8B15A36F1F0BA36200A85B93 /* AppDelegate.swift */ = {isa = PBXFileReference; lastKnownFileType = sourcecode.swift; path = AppDelegate.swift; sourceTree = "<group>"; };
		8B15A3721F0BA36200A85B93 /* SmKeyboardOne.xcdatamodel */ = {isa = PBXFileReference; lastKnownFileType = wrapper.xcdatamodel; path = SmKeyboardOne.xcdatamodel; sourceTree = "<group>"; };
		8B15A3741F0BA36200A85B93 /* ViewController.swift */ = {isa = PBXFileReference; lastKnownFileType = sourcecode.swift; path = ViewController.swift; sourceTree = "<group>"; };
		8B15A3771F0BA36200A85B93 /* Base */ = {isa = PBXFileReference; lastKnownFileType = file.storyboard; name = Base; path = Base.lproj/Main.storyboard; sourceTree = "<group>"; };
		8B15A3791F0BA36200A85B93 /* Images.xcassets */ = {isa = PBXFileReference; lastKnownFileType = folder.assetcatalog; path = Images.xcassets; sourceTree = "<group>"; };
		8B15A37C1F0BA36200A85B93 /* Base */ = {isa = PBXFileReference; lastKnownFileType = file.xib; name = Base; path = Base.lproj/LaunchScreen.xib; sourceTree = "<group>"; };
		8B15A3821F0BA36200A85B93 /* SmKeyboardOneTests.xctest */ = {isa = PBXFileReference; explicitFileType = wrapper.cfbundle; includeInIndex = 0; path = SmKeyboardOneTests.xctest; sourceTree = BUILT_PRODUCTS_DIR; };
		8B15A3871F0BA36200A85B93 /* Info.plist */ = {isa = PBXFileReference; lastKnownFileType = text.plist.xml; path = Info.plist; sourceTree = "<group>"; };
		8B15A3881F0BA36200A85B93 /* SmKeyboardOneTests.swift */ = {isa = PBXFileReference; lastKnownFileType = sourcecode.swift; path = SmKeyboardOneTests.swift; sourceTree = "<group>"; };
		8B15A3961F0BA3DC00A85B93 /* SmKeyboard.appex */ = {isa = PBXFileReference; explicitFileType = "wrapper.app-extension"; includeInIndex = 0; path = SmKeyboard.appex; sourceTree = BUILT_PRODUCTS_DIR; };
		8B15A3991F0BA3DC00A85B93 /* Info.plist */ = {isa = PBXFileReference; lastKnownFileType = text.plist.xml; path = Info.plist; sourceTree = "<group>"; };
		8B15A39A1F0BA3DC00A85B93 /* KeyboardViewController.swift */ = {isa = PBXFileReference; lastKnownFileType = sourcecode.swift; path = KeyboardViewController.swift; sourceTree = "<group>"; };
		8B15A3A31F0BA62500A85B93 /* ViewMainKeyboardLayout.xib */ = {isa = PBXFileReference; fileEncoding = 4; lastKnownFileType = file.xib; path = ViewMainKeyboardLayout.xib; sourceTree = "<group>"; };
		8B15A3A51F0BA8F900A85B93 /* ViewFarmLayout.xib */ = {isa = PBXFileReference; fileEncoding = 4; lastKnownFileType = file.xib; path = ViewFarmLayout.xib; sourceTree = "<group>"; };
		8B15A3A71F0BA90500A85B93 /* ViewFarmLayout.swift */ = {isa = PBXFileReference; fileEncoding = 4; lastKnownFileType = sourcecode.swift; path = ViewFarmLayout.swift; sourceTree = "<group>"; };
		8B15A3A91F0BA92900A85B93 /* ViewSmiliesLayout.xib */ = {isa = PBXFileReference; fileEncoding = 4; lastKnownFileType = file.xib; path = ViewSmiliesLayout.xib; sourceTree = "<group>"; };
		8B15A3AB1F0BA93A00A85B93 /* ViewSmiliesLayout.swift */ = {isa = PBXFileReference; fileEncoding = 4; lastKnownFileType = sourcecode.swift; path = ViewSmiliesLayout.swift; sourceTree = "<group>"; };
		8B15A3AD1F0BA97F00A85B93 /* ViewFoodLayout.xib */ = {isa = PBXFileReference; fileEncoding = 4; lastKnownFileType = file.xib; path = ViewFoodLayout.xib; sourceTree = "<group>"; };
		8B15A3AF1F0BA98C00A85B93 /* ViewFoodLayout.swift */ = {isa = PBXFileReference; fileEncoding = 4; lastKnownFileType = sourcecode.swift; path = ViewFoodLayout.swift; sourceTree = "<group>"; };
		8B1700E21F0E398300CFA293 /* ViewOthersLayout.swift */ = {isa = PBXFileReference; fileEncoding = 4; lastKnownFileType = sourcecode.swift; path = ViewOthersLayout.swift; sourceTree = "<group>"; };
		8B1700E41F0E399500CFA293 /* ViewOthersLayout.xib */ = {isa = PBXFileReference; fileEncoding = 4; lastKnownFileType = file.xib; path = ViewOthersLayout.xib; sourceTree = "<group>"; };
		8BB067F91F15FB5D004B6663 /* ViewHolidaysLayout.xib */ = {isa = PBXFileReference; fileEncoding = 4; lastKnownFileType = file.xib; path = ViewHolidaysLayout.xib; sourceTree = "<group>"; };
		8BB067FB1F15FCC8004B6663 /* ViewHolidaysLayout.swift */ = {isa = PBXFileReference; fileEncoding = 4; lastKnownFileType = sourcecode.swift; path = ViewHolidaysLayout.swift; sourceTree = "<group>"; };
		8BC3954F1F161E0E009EC02D /* ViewPlaceLayout.xib */ = {isa = PBXFileReference; fileEncoding = 4; lastKnownFileType = file.xib; path = ViewPlaceLayout.xib; sourceTree = "<group>"; };
		8BC395511F1621D4009EC02D /* ViewPlaceLayout.swift */ = {isa = PBXFileReference; fileEncoding = 4; lastKnownFileType = sourcecode.swift; path = ViewPlaceLayout.swift; sourceTree = "<group>"; };
		8BC395531F1632CD009EC02D /* ViewTilesLayout.xib */ = {isa = PBXFileReference; fileEncoding = 4; lastKnownFileType = file.xib; path = ViewTilesLayout.xib; sourceTree = "<group>"; };
		8BC395551F163559009EC02D /* ViewTilesLayout.swift */ = {isa = PBXFileReference; fileEncoding = 4; lastKnownFileType = sourcecode.swift; path = ViewTilesLayout.swift; sourceTree = "<group>"; };
/* End PBXFileReference section */

/* Begin PBXFrameworksBuildPhase section */
		8B15A3671F0BA36200A85B93 /* Frameworks */ = {
			isa = PBXFrameworksBuildPhase;
			buildActionMask = 2147483647;
			files = (
			);
			runOnlyForDeploymentPostprocessing = 0;
		};
		8B15A37F1F0BA36200A85B93 /* Frameworks */ = {
			isa = PBXFrameworksBuildPhase;
			buildActionMask = 2147483647;
			files = (
			);
			runOnlyForDeploymentPostprocessing = 0;
		};
		8B15A3931F0BA3DC00A85B93 /* Frameworks */ = {
			isa = PBXFrameworksBuildPhase;
			buildActionMask = 2147483647;
			files = (
			);
			runOnlyForDeploymentPostprocessing = 0;
		};
/* End PBXFrameworksBuildPhase section */

/* Begin PBXGroup section */
		8B15A3611F0BA36200A85B93 = {
			isa = PBXGroup;
			children = (
				8B15A36C1F0BA36200A85B93 /* SmKeyboardOne */,
				8B15A3851F0BA36200A85B93 /* SmKeyboardOneTests */,
				8B15A3971F0BA3DC00A85B93 /* SmKeyboard */,
				8B15A36B1F0BA36200A85B93 /* Products */,
			);
			sourceTree = "<group>";
		};
		8B15A36B1F0BA36200A85B93 /* Products */ = {
			isa = PBXGroup;
			children = (
				8B15A36A1F0BA36200A85B93 /* SmKeyboardOne.app */,
				8B15A3821F0BA36200A85B93 /* SmKeyboardOneTests.xctest */,
				8B15A3961F0BA3DC00A85B93 /* SmKeyboard.appex */,
			);
			name = Products;
			sourceTree = "<group>";
		};
		8B15A36C1F0BA36200A85B93 /* SmKeyboardOne */ = {
			isa = PBXGroup;
			children = (
				8B15A36F1F0BA36200A85B93 /* AppDelegate.swift */,
				8B15A3741F0BA36200A85B93 /* ViewController.swift */,
				8B15A3761F0BA36200A85B93 /* Main.storyboard */,
				8B15A3791F0BA36200A85B93 /* Images.xcassets */,
				8B15A37B1F0BA36200A85B93 /* LaunchScreen.xib */,
				8B15A3711F0BA36200A85B93 /* SmKeyboardOne.xcdatamodeld */,
				8B15A36D1F0BA36200A85B93 /* Supporting Files */,
			);
			path = SmKeyboardOne;
			sourceTree = "<group>";
		};
		8B15A36D1F0BA36200A85B93 /* Supporting Files */ = {
			isa = PBXGroup;
			children = (
				8B15A36E1F0BA36200A85B93 /* Info.plist */,
			);
			name = "Supporting Files";
			sourceTree = "<group>";
		};
		8B15A3851F0BA36200A85B93 /* SmKeyboardOneTests */ = {
			isa = PBXGroup;
			children = (
				8B15A3881F0BA36200A85B93 /* SmKeyboardOneTests.swift */,
				8B15A3861F0BA36200A85B93 /* Supporting Files */,
			);
			path = SmKeyboardOneTests;
			sourceTree = "<group>";
		};
		8B15A3861F0BA36200A85B93 /* Supporting Files */ = {
			isa = PBXGroup;
			children = (
				8B15A3871F0BA36200A85B93 /* Info.plist */,
			);
			name = "Supporting Files";
			sourceTree = "<group>";
		};
		8B15A3971F0BA3DC00A85B93 /* SmKeyboard */ = {
			isa = PBXGroup;
			children = (
				8B15A39A1F0BA3DC00A85B93 /* KeyboardViewController.swift */,
				8B15A3A31F0BA62500A85B93 /* ViewMainKeyboardLayout.xib */,
				8B15A3A51F0BA8F900A85B93 /* ViewFarmLayout.xib */,
				8B15A3A71F0BA90500A85B93 /* ViewFarmLayout.swift */,
				8B15A3AD1F0BA97F00A85B93 /* ViewFoodLayout.xib */,
				8B15A3AF1F0BA98C00A85B93 /* ViewFoodLayout.swift */,
				8BB067F91F15FB5D004B6663 /* ViewHolidaysLayout.xib */,
				8BB067FB1F15FCC8004B6663 /* ViewHolidaysLayout.swift */,
				8B1700E41F0E399500CFA293 /* ViewOthersLayout.xib */,
				8B1700E21F0E398300CFA293 /* ViewOthersLayout.swift */,
				8BC3954F1F161E0E009EC02D /* ViewPlaceLayout.xib */,
				8BC395511F1621D4009EC02D /* ViewPlaceLayout.swift */,
				8BC395531F1632CD009EC02D /* ViewTilesLayout.xib */,
				8BC395551F163559009EC02D /* ViewTilesLayout.swift */,
				8B15A3A91F0BA92900A85B93 /* ViewSmiliesLayout.xib */,
				8B15A3AB1F0BA93A00A85B93 /* ViewSmiliesLayout.swift */,
				8B15A3981F0BA3DC00A85B93 /* Supporting Files */,
			);
			path = SmKeyboard;
			sourceTree = "<group>";
		};
		8B15A3981F0BA3DC00A85B93 /* Supporting Files */ = {
			isa = PBXGroup;
			children = (
				8B15A3991F0BA3DC00A85B93 /* Info.plist */,
			);
			name = "Supporting Files";
			sourceTree = "<group>";
		};
/* End PBXGroup section */

/* Begin PBXNativeTarget section */
		8B15A3691F0BA36200A85B93 /* SmKeyboardOne */ = {
			isa = PBXNativeTarget;
			buildConfigurationList = 8B15A38C1F0BA36200A85B93 /* Build configuration list for PBXNativeTarget "SmKeyboardOne" */;
			buildPhases = (
				8B15A3661F0BA36200A85B93 /* Sources */,
				8B15A3671F0BA36200A85B93 /* Frameworks */,
				8B15A3681F0BA36200A85B93 /* Resources */,
				8B15A3A21F0BA3DC00A85B93 /* Embed App Extensions */,
			);
			buildRules = (
			);
			dependencies = (
				8B15A39D1F0BA3DC00A85B93 /* PBXTargetDependency */,
			);
			name = SmKeyboardOne;
			productName = SmKeyboardOne;
			productReference = 8B15A36A1F0BA36200A85B93 /* SmKeyboardOne.app */;
			productType = "com.apple.product-type.application";
		};
		8B15A3811F0BA36200A85B93 /* SmKeyboardOneTests */ = {
			isa = PBXNativeTarget;
			buildConfigurationList = 8B15A38F1F0BA36200A85B93 /* Build configuration list for PBXNativeTarget "SmKeyboardOneTests" */;
			buildPhases = (
				8B15A37E1F0BA36200A85B93 /* Sources */,
				8B15A37F1F0BA36200A85B93 /* Frameworks */,
				8B15A3801F0BA36200A85B93 /* Resources */,
			);
			buildRules = (
			);
			dependencies = (
				8B15A3841F0BA36200A85B93 /* PBXTargetDependency */,
			);
			name = SmKeyboardOneTests;
			productName = SmKeyboardOneTests;
			productReference = 8B15A3821F0BA36200A85B93 /* SmKeyboardOneTests.xctest */;
			productType = "com.apple.product-type.bundle.unit-test";
		};
		8B15A3951F0BA3DC00A85B93 /* SmKeyboard */ = {
			isa = PBXNativeTarget;
			buildConfigurationList = 8B15A39F1F0BA3DC00A85B93 /* Build configuration list for PBXNativeTarget "SmKeyboard" */;
			buildPhases = (
				8B15A3921F0BA3DC00A85B93 /* Sources */,
				8B15A3931F0BA3DC00A85B93 /* Frameworks */,
				8B15A3941F0BA3DC00A85B93 /* Resources */,
			);
			buildRules = (
			);
			dependencies = (
			);
			name = SmKeyboard;
			productName = SmKeyboard;
			productReference = 8B15A3961F0BA3DC00A85B93 /* SmKeyboard.appex */;
			productType = "com.apple.product-type.app-extension";
		};
/* End PBXNativeTarget section */

/* Begin PBXProject section */
		8B15A3621F0BA36200A85B93 /* Project object */ = {
			isa = PBXProject;
			attributes = {
				LastUpgradeCheck = 0630;
				ORGANIZATIONNAME = Developer;
				TargetAttributes = {
					8B15A3691F0BA36200A85B93 = {
						CreatedOnToolsVersion = 6.3;
					};
					8B15A3811F0BA36200A85B93 = {
						CreatedOnToolsVersion = 6.3;
						TestTargetID = 8B15A3691F0BA36200A85B93;
					};
					8B15A3951F0BA3DC00A85B93 = {
						CreatedOnToolsVersion = 6.3;
					};
				};
			};
			buildConfigurationList = 8B15A3651F0BA36200A85B93 /* Build configuration list for PBXProject "SmKeyboardOne" */;
			compatibilityVersion = "Xcode 3.2";
			developmentRegion = English;
			hasScannedForEncodings = 0;
			knownRegions = (
				en,
				Base,
			);
			mainGroup = 8B15A3611F0BA36200A85B93;
			productRefGroup = 8B15A36B1F0BA36200A85B93 /* Products */;
			projectDirPath = "";
			projectRoot = "";
			targets = (
				8B15A3691F0BA36200A85B93 /* SmKeyboardOne */,
				8B15A3811F0BA36200A85B93 /* SmKeyboardOneTests */,
				8B15A3951F0BA3DC00A85B93 /* SmKeyboard */,
			);
		};
/* End PBXProject section */

/* Begin PBXResourcesBuildPhase section */
		8B15A3681F0BA36200A85B93 /* Resources */ = {
			isa = PBXResourcesBuildPhase;
			buildActionMask = 2147483647;
			files = (
				8B15A3781F0BA36200A85B93 /* Main.storyboard in Resources */,
				8B15A37D1F0BA36200A85B93 /* LaunchScreen.xib in Resources */,
				8B15A37A1F0BA36200A85B93 /* Images.xcassets in Resources */,
			);
			runOnlyForDeploymentPostprocessing = 0;
		};
		8B15A3801F0BA36200A85B93 /* Resources */ = {
			isa = PBXResourcesBuildPhase;
			buildActionMask = 2147483647;
			files = (
			);
			runOnlyForDeploymentPostprocessing = 0;
		};
		8B15A3941F0BA3DC00A85B93 /* Resources */ = {
			isa = PBXResourcesBuildPhase;
			buildActionMask = 2147483647;
			files = (
				8BC395541F1632CD009EC02D /* ViewTilesLayout.xib in Resources */,
				8B15A3B11F0BAA5600A85B93 /* Images.xcassets in Resources */,
				8B1700E51F0E399500CFA293 /* ViewOthersLayout.xib in Resources */,
				8BC395501F161E0E009EC02D /* ViewPlaceLayout.xib in Resources */,
				8B15A3AE1F0BA97F00A85B93 /* ViewFoodLayout.xib in Resources */,
				8B15A3AA1F0BA92900A85B93 /* ViewSmiliesLayout.xib in Resources */,
				8BB067FA1F15FB5D004B6663 /* ViewHolidaysLayout.xib in Resources */,
				8B15A3A41F0BA62500A85B93 /* ViewMainKeyboardLayout.xib in Resources */,
				8B15A3A61F0BA8F900A85B93 /* ViewFarmLayout.xib in Resources */,
			);
			runOnlyForDeploymentPostprocessing = 0;
		};
/* End PBXResourcesBuildPhase section */

/* Begin PBXSourcesBuildPhase section */
		8B15A3661F0BA36200A85B93 /* Sources */ = {
			isa = PBXSourcesBuildPhase;
			buildActionMask = 2147483647;
			files = (
				8B15A3751F0BA36200A85B93 /* ViewController.swift in Sources */,
				8B15A3701F0BA36200A85B93 /* AppDelegate.swift in Sources */,
				8B15A3731F0BA36200A85B93 /* SmKeyboardOne.xcdatamodeld in Sources */,
			);
			runOnlyForDeploymentPostprocessing = 0;
		};
		8B15A37E1F0BA36200A85B93 /* Sources */ = {
			isa = PBXSourcesBuildPhase;
			buildActionMask = 2147483647;
			files = (
				8B15A3891F0BA36200A85B93 /* SmKeyboardOneTests.swift in Sources */,
			);
			runOnlyForDeploymentPostprocessing = 0;
		};
		8B15A3921F0BA3DC00A85B93 /* Sources */ = {
			isa = PBXSourcesBuildPhase;
			buildActionMask = 2147483647;
			files = (
				8B15A3B01F0BA98C00A85B93 /* ViewFoodLayout.swift in Sources */,
				8BC395521F1621D4009EC02D /* ViewPlaceLayout.swift in Sources */,
				8BC395561F163559009EC02D /* ViewTilesLayout.swift in Sources */,
				8B15A39B1F0BA3DC00A85B93 /* KeyboardViewController.swift in Sources */,
				8B1700E31F0E398300CFA293 /* ViewOthersLayout.swift in Sources */,
				8BB067FC1F15FCC8004B6663 /* ViewHolidaysLayout.swift in Sources */,
				8B15A3A81F0BA90500A85B93 /* ViewFarmLayout.swift in Sources */,
				8B15A3AC1F0BA93A00A85B93 /* ViewSmiliesLayout.swift in Sources */,
			);
			runOnlyForDeploymentPostprocessing = 0;
		};
/* End PBXSourcesBuildPhase section */

/* Begin PBXTargetDependency section */
		8B15A3841F0BA36200A85B93 /* PBXTargetDependency */ = {
			isa = PBXTargetDependency;
			target = 8B15A3691F0BA36200A85B93 /* SmKeyboardOne */;
			targetProxy = 8B15A3831F0BA36200A85B93 /* PBXContainerItemProxy */;
		};
		8B15A39D1F0BA3DC00A85B93 /* PBXTargetDependency */ = {
			isa = PBXTargetDependency;
			target = 8B15A3951F0BA3DC00A85B93 /* SmKeyboard */;
			targetProxy = 8B15A39C1F0BA3DC00A85B93 /* PBXContainerItemProxy */;
		};
/* End PBXTargetDependency section */

/* Begin PBXVariantGroup section */
		8B15A3761F0BA36200A85B93 /* Main.storyboard */ = {
			isa = PBXVariantGroup;
			children = (
				8B15A3771F0BA36200A85B93 /* Base */,
			);
			name = Main.storyboard;
			sourceTree = "<group>";
		};
		8B15A37B1F0BA36200A85B93 /* LaunchScreen.xib */ = {
			isa = PBXVariantGroup;
			children = (
				8B15A37C1F0BA36200A85B93 /* Base */,
			);
			name = LaunchScreen.xib;
			sourceTree = "<group>";
		};
/* End PBXVariantGroup section */

/* Begin XCBuildConfiguration section */
		8B15A38A1F0BA36200A85B93 /* Debug */ = {
			isa = XCBuildConfiguration;
			buildSettings = {
				ALWAYS_SEARCH_USER_PATHS = NO;
				CLANG_CXX_LANGUAGE_STANDARD = "gnu++0x";
				CLANG_CXX_LIBRARY = "libc++";
				CLANG_ENABLE_MODULES = YES;
				CLANG_ENABLE_OBJC_ARC = YES;
				CLANG_WARN_BOOL_CONVERSION = YES;
				CLANG_WARN_CONSTANT_CONVERSION = YES;
				CLANG_WARN_DIRECT_OBJC_ISA_USAGE = YES_ERROR;
				CLANG_WARN_EMPTY_BODY = YES;
				CLANG_WARN_ENUM_CONVERSION = YES;
				CLANG_WARN_INT_CONVERSION = YES;
				CLANG_WARN_OBJC_ROOT_CLASS = YES_ERROR;
				CLANG_WARN_UNREACHABLE_CODE = YES;
				CLANG_WARN__DUPLICATE_METHOD_MATCH = YES;
				"CODE_SIGN_IDENTITY[sdk=iphoneos*]" = "iPhone Developer";
				COPY_PHASE_STRIP = NO;
				DEBUG_INFORMATION_FORMAT = "dwarf-with-dsym";
				ENABLE_STRICT_OBJC_MSGSEND = YES;
				GCC_C_LANGUAGE_STANDARD = gnu99;
				GCC_DYNAMIC_NO_PIC = NO;
				GCC_NO_COMMON_BLOCKS = YES;
				GCC_OPTIMIZATION_LEVEL = 0;
				GCC_PREPROCESSOR_DEFINITIONS = (
					"DEBUG=1",
					"$(inherited)",
				);
				GCC_SYMBOLS_PRIVATE_EXTERN = NO;
				GCC_WARN_64_TO_32_BIT_CONVERSION = YES;
				GCC_WARN_ABOUT_RETURN_TYPE = YES_ERROR;
				GCC_WARN_UNDECLARED_SELECTOR = YES;
				GCC_WARN_UNINITIALIZED_AUTOS = YES_AGGRESSIVE;
				GCC_WARN_UNUSED_FUNCTION = YES;
				GCC_WARN_UNUSED_VARIABLE = YES;
				IPHONEOS_DEPLOYMENT_TARGET = 8.3;
				MTL_ENABLE_DEBUG_INFO = YES;
				ONLY_ACTIVE_ARCH = YES;
				SDKROOT = iphoneos;
				SWIFT_OPTIMIZATION_LEVEL = "-Onone";
			};
			name = Debug;
		};
		8B15A38B1F0BA36200A85B93 /* Release */ = {
			isa = XCBuildConfiguration;
			buildSettings = {
				ALWAYS_SEARCH_USER_PATHS = NO;
				CLANG_CXX_LANGUAGE_STANDARD = "gnu++0x";
				CLANG_CXX_LIBRARY = "libc++";
				CLANG_ENABLE_MODULES = YES;
				CLANG_ENABLE_OBJC_ARC = YES;
				CLANG_WARN_BOOL_CONVERSION = YES;
				CLANG_WARN_CONSTANT_CONVERSION = YES;
				CLANG_WARN_DIRECT_OBJC_ISA_USAGE = YES_ERROR;
				CLANG_WARN_EMPTY_BODY = YES;
				CLANG_WARN_ENUM_CONVERSION = YES;
				CLANG_WARN_INT_CONVERSION = YES;
				CLANG_WARN_OBJC_ROOT_CLASS = YES_ERROR;
				CLANG_WARN_UNREACHABLE_CODE = YES;
				CLANG_WARN__DUPLICATE_METHOD_MATCH = YES;
				"CODE_SIGN_IDENTITY[sdk=iphoneos*]" = "iPhone Developer";
				COPY_PHASE_STRIP = NO;
				DEBUG_INFORMATION_FORMAT = "dwarf-with-dsym";
				ENABLE_NS_ASSERTIONS = NO;
				ENABLE_STRICT_OBJC_MSGSEND = YES;
				GCC_C_LANGUAGE_STANDARD = gnu99;
				GCC_NO_COMMON_BLOCKS = YES;
				GCC_WARN_64_TO_32_BIT_CONVERSION = YES;
				GCC_WARN_ABOUT_RETURN_TYPE = YES_ERROR;
				GCC_WARN_UNDECLARED_SELECTOR = YES;
				GCC_WARN_UNINITIALIZED_AUTOS = YES_AGGRESSIVE;
				GCC_WARN_UNUSED_FUNCTION = YES;
				GCC_WARN_UNUSED_VARIABLE = YES;
				IPHONEOS_DEPLOYMENT_TARGET = 8.3;
				MTL_ENABLE_DEBUG_INFO = NO;
				SDKROOT = iphoneos;
				VALIDATE_PRODUCT = YES;
			};
			name = Release;
		};
		8B15A38D1F0BA36200A85B93 /* Debug */ = {
			isa = XCBuildConfiguration;
			buildSettings = {
				ASSETCATALOG_COMPILER_APPICON_NAME = AppIcon;
				INFOPLIST_FILE = SmKeyboardOne/Info.plist;
				LD_RUNPATH_SEARCH_PATHS = "$(inherited) @executable_path/Frameworks";
				PRODUCT_NAME = "$(TARGET_NAME)";
			};
			name = Debug;
		};
		8B15A38E1F0BA36200A85B93 /* Release */ = {
			isa = XCBuildConfiguration;
			buildSettings = {
				ASSETCATALOG_COMPILER_APPICON_NAME = AppIcon;
				INFOPLIST_FILE = SmKeyboardOne/Info.plist;
				LD_RUNPATH_SEARCH_PATHS = "$(inherited) @executable_path/Frameworks";
				PRODUCT_NAME = "$(TARGET_NAME)";
			};
			name = Release;
		};
		8B15A3901F0BA36200A85B93 /* Debug */ = {
			isa = XCBuildConfiguration;
			buildSettings = {
				BUNDLE_LOADER = "$(TEST_HOST)";
				FRAMEWORK_SEARCH_PATHS = (
					"$(SDKROOT)/Developer/Library/Frameworks",
					"$(inherited)",
				);
				GCC_PREPROCESSOR_DEFINITIONS = (
					"DEBUG=1",
					"$(inherited)",
				);
				INFOPLIST_FILE = SmKeyboardOneTests/Info.plist;
				LD_RUNPATH_SEARCH_PATHS = "$(inherited) @executable_path/Frameworks @loader_path/Frameworks";
				PRODUCT_NAME = "$(TARGET_NAME)";
				TEST_HOST = "$(BUILT_PRODUCTS_DIR)/SmKeyboardOne.app/SmKeyboardOne";
			};
			name = Debug;
		};
		8B15A3911F0BA36200A85B93 /* Release */ = {
			isa = XCBuildConfiguration;
			buildSettings = {
				BUNDLE_LOADER = "$(TEST_HOST)";
				FRAMEWORK_SEARCH_PATHS = (
					"$(SDKROOT)/Developer/Library/Frameworks",
					"$(inherited)",
				);
				INFOPLIST_FILE = SmKeyboardOneTests/Info.plist;
				LD_RUNPATH_SEARCH_PATHS = "$(inherited) @executable_path/Frameworks @loader_path/Frameworks";
				PRODUCT_NAME = "$(TARGET_NAME)";
				TEST_HOST = "$(BUILT_PRODUCTS_DIR)/SmKeyboardOne.app/SmKeyboardOne";
			};
			name = Release;
		};
		8B15A3A01F0BA3DC00A85B93 /* Debug */ = {
			isa = XCBuildConfiguration;
			buildSettings = {
				GCC_PREPROCESSOR_DEFINITIONS = (
					"DEBUG=1",
					"$(inherited)",
				);
				INFOPLIST_FILE = SmKeyboard/Info.plist;
				LD_RUNPATH_SEARCH_PATHS = "$(inherited) @executable_path/Frameworks @executable_path/../../Frameworks";
				PRODUCT_NAME = "$(TARGET_NAME)";
				SKIP_INSTALL = YES;
			};
			name = Debug;
		};
		8B15A3A11F0BA3DC00A85B93 /* Release */ = {
			isa = XCBuildConfiguration;
			buildSettings = {
				INFOPLIST_FILE = SmKeyboard/Info.plist;
				LD_RUNPATH_SEARCH_PATHS = "$(inherited) @executable_path/Frameworks @executable_path/../../Frameworks";
				PRODUCT_NAME = "$(TARGET_NAME)";
				SKIP_INSTALL = YES;
			};
			name = Release;
		};
/* End XCBuildConfiguration section */

/* Begin XCConfigurationList section */
		8B15A3651F0BA36200A85B93 /* Build configuration list for PBXProject "SmKeyboardOne" */ = {
			isa = XCConfigurationList;
			buildConfigurations = (
				8B15A38A1F0BA36200A85B93 /* Debug */,
				8B15A38B1F0BA36200A85B93 /* Release */,
			);
			defaultConfigurationIsVisible = 0;
			defaultConfigurationName = Release;
		};
		8B15A38C1F0BA36200A85B93 /* Build configuration list for PBXNativeTarget "SmKeyboardOne" */ = {
			isa = XCConfigurationList;
			buildConfigurations = (
				8B15A38D1F0BA36200A85B93 /* Debug */,
				8B15A38E1F0BA36200A85B93 /* Release */,
			);
			defaultConfigurationIsVisible = 0;
			defaultConfigurationName = Release;
		};
		8B15A38F1F0BA36200A85B93 /* Build configuration list for PBXNativeTarget "SmKeyboardOneTests" */ = {
			isa = XCConfigurationList;
			buildConfigurations = (
				8B15A3901F0BA36200A85B93 /* Debug */,
				8B15A3911F0BA36200A85B93 /* Release */,
			);
			defaultConfigurationIsVisible = 0;
			defaultConfigurationName = Release;
		};
		8B15A39F1F0BA3DC00A85B93 /* Build configuration list for PBXNativeTarget "SmKeyboard" */ = {
			isa = XCConfigurationList;
			buildConfigurations = (
				8B15A3A01F0BA3DC00A85B93 /* Debug */,
				8B15A3A11F0BA3DC00A85B93 /* Release */,
			);
			defaultConfigurationIsVisible = 0;
			defaultConfigurationName = Release;
		};
/* End XCConfigurationList section */

/* Begin XCVersionGroup section */
		8B15A3711F0BA36200A85B93 /* SmKeyboardOne.xcdatamodeld */ = {
			isa = XCVersionGroup;
			children = (
				8B15A3721F0BA36200A85B93 /* SmKeyboardOne.xcdatamodel */,
			);
			currentVersion = 8B15A3721F0BA36200A85B93 /* SmKeyboardOne.xcdatamodel */;
			path = SmKeyboardOne.xcdatamodeld;
			sourceTree = "<group>";
			versionGroupType = wrapper.xcdatamodel;
		};
/* End XCVersionGroup section */
	};
	rootObject = 8B15A3621F0BA36200A85B93 /* Project object */;
}
